
Microsoft Visual Studio Solution File, Format Version 12.00
# Visual Studio Version 17
VisualStudioVersion = 17.14.36301.6 d17.14
MinimumVisualStudioVersion = 10.0.40219.1
Project("{FAE04EC0-301F-11D3-BF4B-00C04F79EFBC}") = "ArjunFormBuilder", "ArjunFormBuilder.csproj", "{CFE3EFA8-D59E-4503-B4C0-6D35636D766E}"
EndProject
Project("{FAE04EC0-301F-11D3-BF4B-00C04F79EFBC}") = "ArjunFormBuilder.BLL", "..\ArjunFormBuilder.BLL\ArjunFormBuilder.BLL.csproj", "{00E71411-4C2B-4FCB-A932-AFF081F55D1E}"
EndProject
Project("{FAE04EC0-301F-11D3-BF4B-00C04F79EFBC}") = "ArjunFormBuilder.DAL", "..\ArjunFormBuilder.DAL\ArjunFormBuilder.DAL.csproj", "{4DE1D575-E0EF-447A-A9ED-3B3E1E5C17D1}"
EndProject
Global
	GlobalSection(SolutionConfigurationPlatforms) = preSolution
		Debug|Any CPU = Debug|Any CPU
		Release|Any CPU = Release|Any CPU
	EndGlobalSection
	GlobalSection(ProjectConfigurationPlatforms) = postSolution
		{CFE3EFA8-D59E-4503-B4C0-6D35636D766E}.Debug|Any CPU.ActiveCfg = Debug|Any CPU
		{CFE3EFA8-D59E-4503-B4C0-6D35636D766E}.Debug|Any CPU.Build.0 = Debug|Any CPU
		{CFE3EFA8-D59E-4503-B4C0-6D35636D766E}.Release|Any CPU.ActiveCfg = Release|Any CPU
		{CFE3EFA8-D59E-4503-B4C0-6D35636D766E}.Release|Any CPU.Build.0 = Release|Any CPU
		{00E71411-4C2B-4FCB-A932-AFF081F55D1E}.Debug|Any CPU.ActiveCfg = Debug|Any CPU
		{00E71411-4C2B-4FCB-A932-AFF081F55D1E}.Debug|Any CPU.Build.0 = Debug|Any CPU
		{00E71411-4C2B-4FCB-A932-AFF081F55D1E}.Release|Any CPU.ActiveCfg = Release|Any CPU
		{00E71411-4C2B-4FCB-A932-AFF081F55D1E}.Release|Any CPU.Build.0 = Release|Any CPU
		{4DE1D575-E0EF-447A-A9ED-3B3E1E5C17D1}.Debug|Any CPU.ActiveCfg = Debug|Any CPU
		{4DE1D575-E0EF-447A-A9ED-3B3E1E5C17D1}.Debug|Any CPU.Build.0 = Debug|Any CPU
		{4DE1D575-E0EF-447A-A9ED-3B3E1E5C17D1}.Release|Any CPU.ActiveCfg = Release|Any CPU
		{4DE1D575-E0EF-447A-A9ED-3B3E1E5C17D1}.Release|Any CPU.Build.0 = Release|Any CPU
	EndGlobalSection
	GlobalSection(SolutionProperties) = preSolution
		HideSolutionNode = FALSE
	EndGlobalSection
	GlobalSection(ExtensibilityGlobals) = postSolution
		SolutionGuid = {132C7EFB-5BA7-45E3-A051-C9BD3183A1A4}
	EndGlobalSection
EndGlobal
